
Microsoft Visual Studio Solution File, Format Version 12.00
# Visual Studio Version 17
VisualStudioVersion = 17.4.33122.133
MinimumVisualStudioVersion = 10.0.40219.1
Project("{9A19103F-16F7-4668-BE54-9A1E7A4F7556}") = "Day01", "Day01\Day01.csproj", "{C3C56980-0F79-4C80-8DB5-DADA99841903}"
EndProject
Project("{9A19103F-16F7-4668-BE54-9A1E7A4F7556}") = "Input", "Input\Input.csproj", "{6EBFA13A-966B-4D13-8D78-B52C54B24F26}"
EndProject
Project("{9A19103F-16F7-4668-BE54-9A1E7A4F7556}") = "Day02", "Day02\Day02.csproj", "{6BEE6EFA-2E9D-4E3F-A661-0A5B5247F123}"
EndProject
Project("{9A19103F-16F7-4668-BE54-9A1E7A4F7556}") = "Day03", "Day03\Day03.csproj", "{1F0A0C13-C55D-4A7B-A702-91A4C9C46DAA}"
EndProject
Project("{9A19103F-16F7-4668-BE54-9A1E7A4F7556}") = "Day04", "Day04\Day04.csproj", "{165498B9-0C7B-4512-8EB9-FCAEF9669419}"
EndProject
Project("{9A19103F-16F7-4668-BE54-9A1E7A4F7556}") = "Day05", "Day05\Day05.csproj", "{BF17358D-DF3F-446F-B8FE-0DBACC160F38}"
EndProject
Project("{9A19103F-16F7-4668-BE54-9A1E7A4F7556}") = "Day06", "Day06\Day06.csproj", "{ACB46819-595A-47E9-95D8-B9008AC11E7E}"
EndProject
Project("{9A19103F-16F7-4668-BE54-9A1E7A4F7556}") = "Day07", "Day07\Day07.csproj", "{35126D8E-71A0-4988-BDF9-049749DAAF96}"
EndProject
Project("{9A19103F-16F7-4668-BE54-9A1E7A4F7556}") = "Day08", "Day08\Day08.csproj", "{DC8B130F-4A49-4C91-B100-7AD7C7587CB3}"
EndProject
Project("{FAE04EC0-301F-11D3-BF4B-00C04F79EFBC}") = "Day09", "Day09\Day09.csproj", "{2CAA3D8E-3C1F-49B5-9642-CCCD29BFA628}"
EndProject
Project("{FAE04EC0-301F-11D3-BF4B-00C04F79EFBC}") = "Day10", "Day10\Day10.csproj", "{DD79714B-1D33-4C49-BA22-EA386296BCB5}"
EndProject
Project("{FAE04EC0-301F-11D3-BF4B-00C04F79EFBC}") = "Day11", "Day11\Day11.csproj", "{4323ADB4-2440-4843-B7D1-08CCC79F0868}"
EndProject
Project("{FAE04EC0-301F-11D3-BF4B-00C04F79EFBC}") = "Day12", "Day12\Day12.csproj", "{12C9B470-7C94-418A-90C8-76DBC85E1DCB}"
EndProject
Project("{FAE04EC0-301F-11D3-BF4B-00C04F79EFBC}") = "Day13", "Day13\Day13.csproj", "{A43A931F-1CC7-44CF-8CFD-B11F48D5AFB8}"
EndProject
Project("{FAE04EC0-301F-11D3-BF4B-00C04F79EFBC}") = "Day14", "Day14\Day14.csproj", "{D0918693-7198-4A51-AAEA-5EAA6B79DBDE}"
EndProject
Project("{FAE04EC0-301F-11D3-BF4B-00C04F79EFBC}") = "Day15", "Day15\Day15.csproj", "{79C6E612-38F7-4360-9403-86DAC74E0217}"
EndProject
Project("{FAE04EC0-301F-11D3-BF4B-00C04F79EFBC}") = "Day16", "Day16\Day16.csproj", "{D39BA8DA-EDAA-471D-84F4-1AA566060CDF}"
EndProject
Project("{FAE04EC0-301F-11D3-BF4B-00C04F79EFBC}") = "Day17", "Day17\Day17.csproj", "{DC9EC2BD-FFF8-4E3C-A3D8-D695B200FE04}"
EndProject
Project("{FAE04EC0-301F-11D3-BF4B-00C04F79EFBC}") = "Day18", "Day18\Day18.csproj", "{CA5001B5-C709-4B79-A24C-7787C3898BF4}"
EndProject
Project("{FAE04EC0-301F-11D3-BF4B-00C04F79EFBC}") = "Day19", "Day19\Day19.csproj", "{52F73616-CC61-4895-84B6-D577E1D37D40}"
EndProject
Project("{FAE04EC0-301F-11D3-BF4B-00C04F79EFBC}") = "Day20", "Day20\Day20.csproj", "{3FBCB22E-8827-4A70-8971-C38117A180A5}"
EndProject
Global
	GlobalSection(SolutionConfigurationPlatforms) = preSolution
		Debug|Any CPU = Debug|Any CPU
		Release|Any CPU = Release|Any CPU
	EndGlobalSection
	GlobalSection(ProjectConfigurationPlatforms) = postSolution
		{C3C56980-0F79-4C80-8DB5-DADA99841903}.Debug|Any CPU.ActiveCfg = Debug|Any CPU
		{C3C56980-0F79-4C80-8DB5-DADA99841903}.Debug|Any CPU.Build.0 = Debug|Any CPU
		{C3C56980-0F79-4C80-8DB5-DADA99841903}.Release|Any CPU.ActiveCfg = Release|Any CPU
		{C3C56980-0F79-4C80-8DB5-DADA99841903}.Release|Any CPU.Build.0 = Release|Any CPU
		{6EBFA13A-966B-4D13-8D78-B52C54B24F26}.Debug|Any CPU.ActiveCfg = Debug|Any CPU
		{6EBFA13A-966B-4D13-8D78-B52C54B24F26}.Debug|Any CPU.Build.0 = Debug|Any CPU
		{6EBFA13A-966B-4D13-8D78-B52C54B24F26}.Release|Any CPU.ActiveCfg = Release|Any CPU
		{6EBFA13A-966B-4D13-8D78-B52C54B24F26}.Release|Any CPU.Build.0 = Release|Any CPU
		{6BEE6EFA-2E9D-4E3F-A661-0A5B5247F123}.Debug|Any CPU.ActiveCfg = Debug|Any CPU
		{6BEE6EFA-2E9D-4E3F-A661-0A5B5247F123}.Debug|Any CPU.Build.0 = Debug|Any CPU
		{6BEE6EFA-2E9D-4E3F-A661-0A5B5247F123}.Release|Any CPU.ActiveCfg = Release|Any CPU
		{6BEE6EFA-2E9D-4E3F-A661-0A5B5247F123}.Release|Any CPU.Build.0 = Release|Any CPU
		{1F0A0C13-C55D-4A7B-A702-91A4C9C46DAA}.Debug|Any CPU.ActiveCfg = Debug|Any CPU
		{1F0A0C13-C55D-4A7B-A702-91A4C9C46DAA}.Debug|Any CPU.Build.0 = Debug|Any CPU
		{1F0A0C13-C55D-4A7B-A702-91A4C9C46DAA}.Release|Any CPU.ActiveCfg = Release|Any CPU
		{1F0A0C13-C55D-4A7B-A702-91A4C9C46DAA}.Release|Any CPU.Build.0 = Release|Any CPU
		{165498B9-0C7B-4512-8EB9-FCAEF9669419}.Debug|Any CPU.ActiveCfg = Debug|Any CPU
		{165498B9-0C7B-4512-8EB9-FCAEF9669419}.Debug|Any CPU.Build.0 = Debug|Any CPU
		{165498B9-0C7B-4512-8EB9-FCAEF9669419}.Release|Any CPU.ActiveCfg = Release|Any CPU
		{165498B9-0C7B-4512-8EB9-FCAEF9669419}.Release|Any CPU.Build.0 = Release|Any CPU
		{BF17358D-DF3F-446F-B8FE-0DBACC160F38}.Debug|Any CPU.ActiveCfg = Debug|Any CPU
		{BF17358D-DF3F-446F-B8FE-0DBACC160F38}.Debug|Any CPU.Build.0 = Debug|Any CPU
		{BF17358D-DF3F-446F-B8FE-0DBACC160F38}.Release|Any CPU.ActiveCfg = Release|Any CPU
		{BF17358D-DF3F-446F-B8FE-0DBACC160F38}.Release|Any CPU.Build.0 = Release|Any CPU
		{ACB46819-595A-47E9-95D8-B9008AC11E7E}.Debug|Any CPU.ActiveCfg = Debug|Any CPU
		{ACB46819-595A-47E9-95D8-B9008AC11E7E}.Debug|Any CPU.Build.0 = Debug|Any CPU
		{ACB46819-595A-47E9-95D8-B9008AC11E7E}.Release|Any CPU.ActiveCfg = Release|Any CPU
		{ACB46819-595A-47E9-95D8-B9008AC11E7E}.Release|Any CPU.Build.0 = Release|Any CPU
		{35126D8E-71A0-4988-BDF9-049749DAAF96}.Debug|Any CPU.ActiveCfg = Debug|Any CPU
		{35126D8E-71A0-4988-BDF9-049749DAAF96}.Debug|Any CPU.Build.0 = Debug|Any CPU
		{35126D8E-71A0-4988-BDF9-049749DAAF96}.Release|Any CPU.ActiveCfg = Release|Any CPU
		{35126D8E-71A0-4988-BDF9-049749DAAF96}.Release|Any CPU.Build.0 = Release|Any CPU
		{DC8B130F-4A49-4C91-B100-7AD7C7587CB3}.Debug|Any CPU.ActiveCfg = Debug|Any CPU
		{DC8B130F-4A49-4C91-B100-7AD7C7587CB3}.Debug|Any CPU.Build.0 = Debug|Any CPU
		{DC8B130F-4A49-4C91-B100-7AD7C7587CB3}.Release|Any CPU.ActiveCfg = Release|Any CPU
		{DC8B130F-4A49-4C91-B100-7AD7C7587CB3}.Release|Any CPU.Build.0 = Release|Any CPU
		{2CAA3D8E-3C1F-49B5-9642-CCCD29BFA628}.Debug|Any CPU.ActiveCfg = Debug|Any CPU
		{2CAA3D8E-3C1F-49B5-9642-CCCD29BFA628}.Debug|Any CPU.Build.0 = Debug|Any CPU
		{2CAA3D8E-3C1F-49B5-9642-CCCD29BFA628}.Release|Any CPU.ActiveCfg = Release|Any CPU
		{2CAA3D8E-3C1F-49B5-9642-CCCD29BFA628}.Release|Any CPU.Build.0 = Release|Any CPU
		{DD79714B-1D33-4C49-BA22-EA386296BCB5}.Debug|Any CPU.ActiveCfg = Debug|Any CPU
		{DD79714B-1D33-4C49-BA22-EA386296BCB5}.Debug|Any CPU.Build.0 = Debug|Any CPU
		{DD79714B-1D33-4C49-BA22-EA386296BCB5}.Release|Any CPU.ActiveCfg = Release|Any CPU
		{DD79714B-1D33-4C49-BA22-EA386296BCB5}.Release|Any CPU.Build.0 = Release|Any CPU
		{4323ADB4-2440-4843-B7D1-08CCC79F0868}.Debug|Any CPU.ActiveCfg = Debug|Any CPU
		{4323ADB4-2440-4843-B7D1-08CCC79F0868}.Debug|Any CPU.Build.0 = Debug|Any CPU
		{4323ADB4-2440-4843-B7D1-08CCC79F0868}.Release|Any CPU.ActiveCfg = Release|Any CPU
		{4323ADB4-2440-4843-B7D1-08CCC79F0868}.Release|Any CPU.Build.0 = Release|Any CPU
		{12C9B470-7C94-418A-90C8-76DBC85E1DCB}.Debug|Any CPU.ActiveCfg = Debug|Any CPU
		{12C9B470-7C94-418A-90C8-76DBC85E1DCB}.Debug|Any CPU.Build.0 = Debug|Any CPU
		{12C9B470-7C94-418A-90C8-76DBC85E1DCB}.Release|Any CPU.ActiveCfg = Release|Any CPU
		{12C9B470-7C94-418A-90C8-76DBC85E1DCB}.Release|Any CPU.Build.0 = Release|Any CPU
		{A43A931F-1CC7-44CF-8CFD-B11F48D5AFB8}.Debug|Any CPU.ActiveCfg = Debug|Any CPU
		{A43A931F-1CC7-44CF-8CFD-B11F48D5AFB8}.Debug|Any CPU.Build.0 = Debug|Any CPU
		{A43A931F-1CC7-44CF-8CFD-B11F48D5AFB8}.Release|Any CPU.ActiveCfg = Release|Any CPU
		{A43A931F-1CC7-44CF-8CFD-B11F48D5AFB8}.Release|Any CPU.Build.0 = Release|Any CPU
		{D0918693-7198-4A51-AAEA-5EAA6B79DBDE}.Debug|Any CPU.ActiveCfg = Debug|Any CPU
		{D0918693-7198-4A51-AAEA-5EAA6B79DBDE}.Debug|Any CPU.Build.0 = Debug|Any CPU
		{D0918693-7198-4A51-AAEA-5EAA6B79DBDE}.Release|Any CPU.ActiveCfg = Release|Any CPU
		{D0918693-7198-4A51-AAEA-5EAA6B79DBDE}.Release|Any CPU.Build.0 = Release|Any CPU
		{79C6E612-38F7-4360-9403-86DAC74E0217}.Debug|Any CPU.ActiveCfg = Debug|Any CPU
		{79C6E612-38F7-4360-9403-86DAC74E0217}.Debug|Any CPU.Build.0 = Debug|Any CPU
		{79C6E612-38F7-4360-9403-86DAC74E0217}.Release|Any CPU.ActiveCfg = Release|Any CPU
		{79C6E612-38F7-4360-9403-86DAC74E0217}.Release|Any CPU.Build.0 = Release|Any CPU
		{D39BA8DA-EDAA-471D-84F4-1AA566060CDF}.Debug|Any CPU.ActiveCfg = Debug|Any CPU
		{D39BA8DA-EDAA-471D-84F4-1AA566060CDF}.Debug|Any CPU.Build.0 = Debug|Any CPU
		{D39BA8DA-EDAA-471D-84F4-1AA566060CDF}.Release|Any CPU.ActiveCfg = Release|Any CPU
		{D39BA8DA-EDAA-471D-84F4-1AA566060CDF}.Release|Any CPU.Build.0 = Release|Any CPU
		{DC9EC2BD-FFF8-4E3C-A3D8-D695B200FE04}.Debug|Any CPU.ActiveCfg = Debug|Any CPU
		{DC9EC2BD-FFF8-4E3C-A3D8-D695B200FE04}.Debug|Any CPU.Build.0 = Debug|Any CPU
		{DC9EC2BD-FFF8-4E3C-A3D8-D695B200FE04}.Release|Any CPU.ActiveCfg = Release|Any CPU
		{DC9EC2BD-FFF8-4E3C-A3D8-D695B200FE04}.Release|Any CPU.Build.0 = Release|Any CPU
		{CA5001B5-C709-4B79-A24C-7787C3898BF4}.Debug|Any CPU.ActiveCfg = Debug|Any CPU
		{CA5001B5-C709-4B79-A24C-7787C3898BF4}.Debug|Any CPU.Build.0 = Debug|Any CPU
		{CA5001B5-C709-4B79-A24C-7787C3898BF4}.Release|Any CPU.ActiveCfg = Release|Any CPU
		{CA5001B5-C709-4B79-A24C-7787C3898BF4}.Release|Any CPU.Build.0 = Release|Any CPU
		{52F73616-CC61-4895-84B6-D577E1D37D40}.Debug|Any CPU.ActiveCfg = Debug|Any CPU
		{52F73616-CC61-4895-84B6-D577E1D37D40}.Debug|Any CPU.Build.0 = Debug|Any CPU
		{52F73616-CC61-4895-84B6-D577E1D37D40}.Release|Any CPU.ActiveCfg = Release|Any CPU
		{52F73616-CC61-4895-84B6-D577E1D37D40}.Release|Any CPU.Build.0 = Release|Any CPU
		{3FBCB22E-8827-4A70-8971-C38117A180A5}.Debug|Any CPU.ActiveCfg = Debug|Any CPU
		{3FBCB22E-8827-4A70-8971-C38117A180A5}.Debug|Any CPU.Build.0 = Debug|Any CPU
		{3FBCB22E-8827-4A70-8971-C38117A180A5}.Release|Any CPU.ActiveCfg = Release|Any CPU
		{3FBCB22E-8827-4A70-8971-C38117A180A5}.Release|Any CPU.Build.0 = Release|Any CPU
	EndGlobalSection
	GlobalSection(SolutionProperties) = preSolution
		HideSolutionNode = FALSE
	EndGlobalSection
	GlobalSection(ExtensibilityGlobals) = postSolution
		SolutionGuid = {1367A90F-87F4-4164-9F02-3EBC75FD4C89}
	EndGlobalSection
EndGlobal
